
Microsoft Visual Studio Solution File, Format Version 12.00
# Visual Studio 15
VisualStudioVersion = 15.0.28010.2036
MinimumVisualStudioVersion = 10.0.40219.1
Project("{FAE04EC0-301F-11D3-BF4B-00C04F79EFBC}") = "DemoMonogame3", "DemoMonogame3\DemoMonogame3.csproj", "{338D196D-CFF6-4A76-94B2-A3A72597993B}"
EndProject
Global
	GlobalSection(SolutionConfigurationPlatforms) = preSolution
		Debug|x86 = Debug|x86
		Release|x86 = Release|x86
	EndGlobalSection
	GlobalSection(ProjectConfigurationPlatforms) = postSolution
		{338D196D-CFF6-4A76-94B2-A3A72597993B}.Debug|x86.ActiveCfg = Debug|x86
		{338D196D-CFF6-4A76-94B2-A3A72597993B}.Debug|x86.Build.0 = Debug|x86
		{338D196D-CFF6-4A76-94B2-A3A72597993B}.Release|x86.ActiveCfg = Release|x86
		{338D196D-CFF6-4A76-94B2-A3A72597993B}.Release|x86.Build.0 = Release|x86
	EndGlobalSection
	GlobalSection(SolutionProperties) = preSolution
		HideSolutionNode = FALSE
	EndGlobalSection
	GlobalSection(ExtensibilityGlobals) = postSolution
		SolutionGuid = {276CF4F6-E969-4A8C-9571-ECD2649B610B}
	EndGlobalSection
EndGlobal
